PODS:
  - Flutter (1.0.0)
  - klarna_express_checkout (0.1.0):
    - Flutter
    - KlarnaMobileSDK (~> 2.8.1)
  - KlarnaMobileSDK (2.8.1):
    - KlarnaMobileSDK/basic (= 2.8.1)
  - KlarnaMobileSDK/basic (2.8.1)

DEPENDENCIES:
  - Flutter (from `Flutter`)
  - klarna_express_checkout (from `.symlinks/plugins/klarna_express_checkout/ios`)

SPEC REPOS:
  trunk:
    - KlarnaMobileSDK

EXTERNAL SOURCES:
  Flutter:
    :path: Flutter
  klarna_express_checkout:
    :path: ".symlinks/plugins/klarna_express_checkout/ios"

SPEC CHECKSUMS:
  Flutter: e0871f40cf51350855a761d2e70bf5af5b9b5de7
  klarna_express_checkout: ed88317c98d5e30c785a5aebde736f1030907c28
  KlarnaMobileSDK: 5c3d064082e683353fc76a9fcd771ceea30f0f35

PODFILE CHECKSUM: a57f30d18f102dd3ce366b1d62a55ecbef2158e5

COCOAPODS: 1.15.2
