PODS:
  - Flutter (1.0.0)
  - klarna_express_checkout (0.1.0):
    - Flutter
    - KlarnaMobileSDK (~> 2.10.0)
  - KlarnaMobileSDK (2.10.1):
    - KlarnaMobileSDK/basic (= 2.10.1)
  - KlarnaMobileSDK/basic (2.10.1)

DEPENDENCIES:
  - Flutter (from `Flutter`)
  - klarna_express_checkout (from `.symlinks/plugins/klarna_express_checkout/ios`)

SPEC REPOS:
  trunk:
    - KlarnaMobileSDK

EXTERNAL SOURCES:
  Flutter:
    :path: Flutter
  klarna_express_checkout:
    :path: ".symlinks/plugins/klarna_express_checkout/ios"

SPEC CHECKSUMS:
  Flutter: cabc95a1d2626b1b06e7179b784ebcf0c0cde467
  klarna_express_checkout: cca4bbc0f8daa6cc5fadf0daf8ecb17025bdcc9f
  KlarnaMobileSDK: 4d1acf86e14fe374a7341280ee5ca975538ac34d

PODFILE CHECKSUM: a57f30d18f102dd3ce366b1d62a55ecbef2158e5

COCOAPODS: 1.15.2
